
Microsoft Visual Studio Solution File, Format Version 12.00
# Visual Studio Version 17
VisualStudioVersion = 17.1.32210.238
MinimumVisualStudioVersion = 10.0.40219.1
Project("{FAE04EC0-301F-11D3-BF4B-00C04F79EFBC}") = "test", "test\test.csproj", "{9A90E9F9-AFF2-4C89-AB43-009605D5BCFF}"
EndProject
Global
	GlobalSection(SolutionConfigurationPlatforms) = preSolution
		Debug|Any CPU = Debug|Any CPU
		Release|Any CPU = Release|Any CPU
	EndGlobalSection
	GlobalSection(ProjectConfigurationPlatforms) = postSolution
		{9A90E9F9-AFF2-4C89-AB43-009605D5BCFF}.Debug|Any CPU.ActiveCfg = Debug|Any CPU
		{9A90E9F9-AFF2-4C89-AB43-009605D5BCFF}.Debug|Any CPU.Build.0 = Debug|Any CPU
		{9A90E9F9-AFF2-4C89-AB43-009605D5BCFF}.Release|Any CPU.ActiveCfg = Release|Any CPU
		{9A90E9F9-AFF2-4C89-AB43-009605D5BCFF}.Release|Any CPU.Build.0 = Release|Any CPU
	EndGlobalSection
	GlobalSection(SolutionProperties) = preSolution
		HideSolutionNode = FALSE
	EndGlobalSection
	GlobalSection(ExtensibilityGlobals) = postSolution
		SolutionGuid = {AAACFAAC-67E7-4493-B18B-677069BC9B38}
	EndGlobalSection
EndGlobal
